// !$*UTF8*$!
{
	archiveVersion = 1;
	classes = {
	};
	objectVersion = 55;
	objects = {

/* Begin PBXBuildFile section */
		F0522F9927FCD30B003F0AC2 /* COLOMBO_BSCCOMP_PT_202_0033App.swift in Sources */ = {isa = PBXBuildFile; fileRef = F0522F9827FCD30B003F0AC2 /* COLOMBO_BSCCOMP_PT_202_0033App.swift */; };
		F0522F9B27FCD30B003F0AC2 /* ContentView.swift in Sources */ = {isa = PBXBuildFile; fileRef = F0522F9A27FCD30B003F0AC2 /* ContentView.swift */; };
		F0522F9D27FCD30C003F0AC2 /* Assets.xcassets in Resources */ = {isa = PBXBuildFile; fileRef = F0522F9C27FCD30C003F0AC2 /* Assets.xcassets */; };
		F0522FA027FCD30C003F0AC2 /* Preview Assets.xcassets in Resources */ = {isa = PBXBuildFile; fileRef = F0522F9F27FCD30C003F0AC2 /* Preview Assets.xcassets */; };
		F0522FAA27FCD30C003F0AC2 /* COLOMBO_BSCCOMP_PT_202_0033Tests.swift in Sources */ = {isa = PBXBuildFile; fileRef = F0522FA927FCD30C003F0AC2 /* COLOMBO_BSCCOMP_PT_202_0033Tests.swift */; };
		F0522FB427FCD30C003F0AC2 /* COLOMBO_BSCCOMP_PT_202_0033UITests.swift in Sources */ = {isa = PBXBuildFile; fileRef = F0522FB327FCD30C003F0AC2 /* COLOMBO_BSCCOMP_PT_202_0033UITests.swift */; };
		F0522FB627FCD30C003F0AC2 /* COLOMBO_BSCCOMP_PT_202_0033UITestsLaunchTests.swift in Sources */ = {isa = PBXBuildFile; fileRef = F0522FB527FCD30C003F0AC2 /* COLOMBO_BSCCOMP_PT_202_0033UITestsLaunchTests.swift */; };
/* End PBXBuildFile section */

/* Begin PBXContainerItemProxy section */
		F0522FA627FCD30C003F0AC2 /* PBXContainerItemProxy */ = {
			isa = PBXContainerItemProxy;
			containerPortal = F0522F8D27FCD30B003F0AC2 /* Project object */;
			proxyType = 1;
			remoteGlobalIDString = F0522F9427FCD30B003F0AC2;
			remoteInfo = "COLOMBO-BSCCOMP-PT-202-0033";
		};
		F0522FB027FCD30C003F0AC2 /* PBXContainerItemProxy */ = {
			isa = PBXContainerItemProxy;
			containerPortal = F0522F8D27FCD30B003F0AC2 /* Project object */;
			proxyType = 1;
			remoteGlobalIDString = F0522F9427FCD30B003F0AC2;
			remoteInfo = "COLOMBO-BSCCOMP-PT-202-0033";
		};
/* End PBXContainerItemProxy section */

/* Begin PBXFileReference section */
		F0522F9527FCD30B003F0AC2 /* COLOMBO-BSCCOMP-PT-202-0033.app */ = {isa = PBXFileReference; explicitFileType = wrapper.application; includeInIndex = 0; path = "COLOMBO-BSCCOMP-PT-202-0033.app"; sourceTree = BUILT_PRODUCTS_DIR; };
		F0522F9827FCD30B003F0AC2 /* COLOMBO_BSCCOMP_PT_202_0033App.swift */ = {isa = PBXFileReference; lastKnownFileType = sourcecode.swift; path = COLOMBO_BSCCOMP_PT_202_0033App.swift; sourceTree = "<group>"; };
		F0522F9A27FCD30B003F0AC2 /* ContentView.swift */ = {isa = PBXFileReference; lastKnownFileType = sourcecode.swift; path = ContentView.swift; sourceTree = "<group>"; };
		F0522F9C27FCD30C003F0AC2 /* Assets.xcassets */ = {isa = PBXFileReference; lastKnownFileType = folder.assetcatalog; path = Assets.xcassets; sourceTree = "<group>"; };
		F0522F9F27FCD30C003F0AC2 /* Preview Assets.xcassets */ = {isa = PBXFileReference; lastKnownFileType = folder.assetcatalog; path = "Preview Assets.xcassets"; sourceTree = "<group>"; };
		F0522FA527FCD30C003F0AC2 /* COLOMBO-BSCCOMP-PT-202-0033Tests.xctest */ = {isa = PBXFileReference; explicitFileType = wrapper.cfbundle; includeInIndex = 0; path = "COLOMBO-BSCCOMP-PT-202-0033Tests.xctest"; sourceTree = BUILT_PRODUCTS_DIR; };
		F0522FA927FCD30C003F0AC2 /* COLOMBO_BSCCOMP_PT_202_0033Tests.swift */ = {isa = PBXFileReference; lastKnownFileType = sourcecode.swift; path = COLOMBO_BSCCOMP_PT_202_0033Tests.swift; sourceTree = "<group>"; };
		F0522FAF27FCD30C003F0AC2 /* COLOMBO-BSCCOMP-PT-202-0033UITests.xctest */ = {isa = PBXFileReference; explicitFileType = wrapper.cfbundle; includeInIndex = 0; path = "COLOMBO-BSCCOMP-PT-202-0033UITests.xctest"; sourceTree = BUILT_PRODUCTS_DIR; };
		F0522FB327FCD30C003F0AC2 /* COLOMBO_BSCCOMP_PT_202_0033UITests.swift */ = {isa = PBXFileReference; lastKnownFileType = sourcecode.swift; path = COLOMBO_BSCCOMP_PT_202_0033UITests.swift; sourceTree = "<group>"; };
		F0522FB527FCD30C003F0AC2 /* COLOMBO_BSCCOMP_PT_202_0033UITestsLaunchTests.swift */ = {isa = PBXFileReference; lastKnownFileType = sourcecode.swift; path = COLOMBO_BSCCOMP_PT_202_0033UITestsLaunchTests.swift; sourceTree = "<group>"; };
/* End PBXFileReference section */

/* Begin PBXFrameworksBuildPhase section */
		F0522F9227FCD30B003F0AC2 /* Frameworks */ = {
			isa = PBXFrameworksBuildPhase;
			buildActionMask = 2147483647;
			files = (
			);
			runOnlyForDeploymentPostprocessing = 0;
		};
		F0522FA227FCD30C003F0AC2 /* Frameworks */ = {
			isa = PBXFrameworksBuildPhase;
			buildActionMask = 2147483647;
			files = (
			);
			runOnlyForDeploymentPostprocessing = 0;
		};
		F0522FAC27FCD30C003F0AC2 /* Frameworks */ = {
			isa = PBXFrameworksBuildPhase;
			buildActionMask = 2147483647;
			files = (
			);
			runOnlyForDeploymentPostprocessing = 0;
		};
/* End PBXFrameworksBuildPhase section */

/* Begin PBXGroup section */
		F0522F8C27FCD30B003F0AC2 = {
			isa = PBXGroup;
			children = (
				F0522F9727FCD30B003F0AC2 /* COLOMBO-BSCCOMP-PT-202-0033 */,
				F0522FA827FCD30C003F0AC2 /* COLOMBO-BSCCOMP-PT-202-0033Tests */,
				F0522FB227FCD30C003F0AC2 /* COLOMBO-BSCCOMP-PT-202-0033UITests */,
				F0522F9627FCD30B003F0AC2 /* Products */,
			);
			sourceTree = "<group>";
		};
		F0522F9627FCD30B003F0AC2 /* Products */ = {
			isa = PBXGroup;
			children = (
				F0522F9527FCD30B003F0AC2 /* COLOMBO-BSCCOMP-PT-202-0033.app */,
				F0522FA527FCD30C003F0AC2 /* COLOMBO-BSCCOMP-PT-202-0033Tests.xctest */,
				F0522FAF27FCD30C003F0AC2 /* COLOMBO-BSCCOMP-PT-202-0033UITests.xctest */,
			);
			name = Products;
			sourceTree = "<group>";
		};
		F0522F9727FCD30B003F0AC2 /* COLOMBO-BSCCOMP-PT-202-0033 */ = {
			isa = PBXGroup;
			children = (
				F0522F9827FCD30B003F0AC2 /* COLOMBO_BSCCOMP_PT_202_0033App.swift */,
				F0522F9A27FCD30B003F0AC2 /* ContentView.swift */,
				F0522F9C27FCD30C003F0AC2 /* Assets.xcassets */,
				F0522F9E27FCD30C003F0AC2 /* Preview Content */,
			);
			path = "COLOMBO-BSCCOMP-PT-202-0033";
			sourceTree = "<group>";
		};
		F0522F9E27FCD30C003F0AC2 /* Preview Content */ = {
			isa = PBXGroup;
			children = (
				F0522F9F27FCD30C003F0AC2 /* Preview Assets.xcassets */,
			);
			path = "Preview Content";
			sourceTree = "<group>";
		};
		F0522FA827FCD30C003F0AC2 /* COLOMBO-BSCCOMP-PT-202-0033Tests */ = {
			isa = PBXGroup;
			children = (
				F0522FA927FCD30C003F0AC2 /* COLOMBO_BSCCOMP_PT_202_0033Tests.swift */,
			);
			path = "COLOMBO-BSCCOMP-PT-202-0033Tests";
			sourceTree = "<group>";
		};
		F0522FB227FCD30C003F0AC2 /* COLOMBO-BSCCOMP-PT-202-0033UITests */ = {
			isa = PBXGroup;
			children = (
				F0522FB327FCD30C003F0AC2 /* COLOMBO_BSCCOMP_PT_202_0033UITests.swift */,
				F0522FB527FCD30C003F0AC2 /* COLOMBO_BSCCOMP_PT_202_0033UITestsLaunchTests.swift */,
			);
			path = "COLOMBO-BSCCOMP-PT-202-0033UITests";
			sourceTree = "<group>";
		};
/* End PBXGroup section */

/* Begin PBXNativeTarget section */
		F0522F9427FCD30B003F0AC2 /* COLOMBO-BSCCOMP-PT-202-0033 */ = {
			isa = PBXNativeTarget;
			buildConfigurationList = F0522FB927FCD30C003F0AC2 /* Build configuration list for PBXNativeTarget "COLOMBO-BSCCOMP-PT-202-0033" */;
			buildPhases = (
				F0522F9127FCD30B003F0AC2 /* Sources */,
				F0522F9227FCD30B003F0AC2 /* Frameworks */,
				F0522F9327FCD30B003F0AC2 /* Resources */,
			);
			buildRules = (
			);
			dependencies = (
			);
			name = "COLOMBO-BSCCOMP-PT-202-0033";
			productName = "COLOMBO-BSCCOMP-PT-202-0033";
			productReference = F0522F9527FCD30B003F0AC2 /* COLOMBO-BSCCOMP-PT-202-0033.app */;
			productType = "com.apple.product-type.application";
		};
		F0522FA427FCD30C003F0AC2 /* COLOMBO-BSCCOMP-PT-202-0033Tests */ = {
			isa = PBXNativeTarget;
			buildConfigurationList = F0522FBC27FCD30C003F0AC2 /* Build configuration list for PBXNativeTarget "COLOMBO-BSCCOMP-PT-202-0033Tests" */;
			buildPhases = (
				F0522FA127FCD30C003F0AC2 /* Sources */,
				F0522FA227FCD30C003F0AC2 /* Frameworks */,
				F0522FA327FCD30C003F0AC2 /* Resources */,
			);
			buildRules = (
			);
			dependencies = (
				F0522FA727FCD30C003F0AC2 /* PBXTargetDependency */,
			);
			name = "COLOMBO-BSCCOMP-PT-202-0033Tests";
			productName = "COLOMBO-BSCCOMP-PT-202-0033Tests";
			productReference = F0522FA527FCD30C003F0AC2 /* COLOMBO-BSCCOMP-PT-202-0033Tests.xctest */;
			productType = "com.apple.product-type.bundle.unit-test";
		};
		F0522FAE27FCD30C003F0AC2 /* COLOMBO-BSCCOMP-PT-202-0033UITests */ = {
			isa = PBXNativeTarget;
			buildConfigurationList = F0522FBF27FCD30C003F0AC2 /* Build configuration list for PBXNativeTarget "COLOMBO-BSCCOMP-PT-202-0033UITests" */;
			buildPhases = (
				F0522FAB27FCD30C003F0AC2 /* Sources */,
				F0522FAC27FCD30C003F0AC2 /* Frameworks */,
				F0522FAD27FCD30C003F0AC2 /* Resources */,
			);
			buildRules = (
			);
			dependencies = (
				F0522FB127FCD30C003F0AC2 /* PBXTargetDependency */,
			);
			name = "COLOMBO-BSCCOMP-PT-202-0033UITests";
			productName = "COLOMBO-BSCCOMP-PT-202-0033UITests";
			productReference = F0522FAF27FCD30C003F0AC2 /* COLOMBO-BSCCOMP-PT-202-0033UITests.xctest */;
			productType = "com.apple.product-type.bundle.ui-testing";
		};
/* End PBXNativeTarget section */

/* Begin PBXProject section */
		F0522F8D27FCD30B003F0AC2 /* Project object */ = {
			isa = PBXProject;
			attributes = {
				BuildIndependentTargetsInParallel = 1;
				LastSwiftUpdateCheck = 1320;
				LastUpgradeCheck = 1320;
				TargetAttributes = {
					F0522F9427FCD30B003F0AC2 = {
						CreatedOnToolsVersion = 13.2.1;
					};
					F0522FA427FCD30C003F0AC2 = {
						CreatedOnToolsVersion = 13.2.1;
						TestTargetID = F0522F9427FCD30B003F0AC2;
					};
					F0522FAE27FCD30C003F0AC2 = {
						CreatedOnToolsVersion = 13.2.1;
						TestTargetID = F0522F9427FCD30B003F0AC2;
					};
				};
			};
			buildConfigurationList = F0522F9027FCD30B003F0AC2 /* Build configuration list for PBXProject "COLOMBO-BSCCOMP-PT-202-0033" */;
			compatibilityVersion = "Xcode 13.0";
			developmentRegion = en;
			hasScannedForEncodings = 0;
			knownRegions = (
				en,
				Base,
			);
			mainGroup = F0522F8C27FCD30B003F0AC2;
			productRefGroup = F0522F9627FCD30B003F0AC2 /* Products */;
			projectDirPath = "";
			projectRoot = "";
			targets = (
				F0522F9427FCD30B003F0AC2 /* COLOMBO-BSCCOMP-PT-202-0033 */,
				F0522FA427FCD30C003F0AC2 /* COLOMBO-BSCCOMP-PT-202-0033Tests */,
				F0522FAE27FCD30C003F0AC2 /* COLOMBO-BSCCOMP-PT-202-0033UITests */,
			);
		};
/* End PBXProject section */

/* Begin PBXResourcesBuildPhase section */
		F0522F9327FCD30B003F0AC2 /* Resources */ = {
			isa = PBXResourcesBuildPhase;
			buildActionMask = 2147483647;
			files = (
				F0522FA027FCD30C003F0AC2 /* Preview Assets.xcassets in Resources */,
				F0522F9D27FCD30C003F0AC2 /* Assets.xcassets in Resources */,
			);
			runOnlyForDeploymentPostprocessing = 0;
		};
		F0522FA327FCD30C003F0AC2 /* Resources */ = {
			isa = PBXResourcesBuildPhase;
			buildActionMask = 2147483647;
			files = (
			);
			runOnlyForDeploymentPostprocessing = 0;
		};
		F0522FAD27FCD30C003F0AC2 /* Resources */ = {
			isa = PBXResourcesBuildPhase;
			buildActionMask = 2147483647;
			files = (
			);
			runOnlyForDeploymentPostprocessing = 0;
		};
/* End PBXResourcesBuildPhase section */

/* Begin PBXSourcesBuildPhase section */
		F0522F9127FCD30B003F0AC2 /* Sources */ = {
			isa = PBXSourcesBuildPhase;
			buildActionMask = 2147483647;
			files = (
				F0522F9B27FCD30B003F0AC2 /* ContentView.swift in Sources */,
				F0522F9927FCD30B003F0AC2 /* COLOMBO_BSCCOMP_PT_202_0033App.swift in Sources */,
			);
			runOnlyForDeploymentPostprocessing = 0;
		};
		F0522FA127FCD30C003F0AC2 /* Sources */ = {
			isa = PBXSourcesBuildPhase;
			buildActionMask = 2147483647;
			files = (
				F0522FAA27FCD30C003F0AC2 /* COLOMBO_BSCCOMP_PT_202_0033Tests.swift in Sources */,
			);
			runOnlyForDeploymentPostprocessing = 0;
		};
		F0522FAB27FCD30C003F0AC2 /* Sources */ = {
			isa = PBXSourcesBuildPhase;
			buildActionMask = 2147483647;
			files = (
				F0522FB427FCD30C003F0AC2 /* COLOMBO_BSCCOMP_PT_202_0033UITests.swift in Sources */,
				F0522FB627FCD30C003F0AC2 /* COLOMBO_BSCCOMP_PT_202_0033UITestsLaunchTests.swift in Sources */,
			);
			runOnlyForDeploymentPostprocessing = 0;
		};
/* End PBXSourcesBuildPhase section */

/* Begin PBXTargetDependency section */
		F0522FA727FCD30C003F0AC2 /* PBXTargetDependency */ = {
			isa = PBXTargetDependency;
			target = F0522F9427FCD30B003F0AC2 /* COLOMBO-BSCCOMP-PT-202-0033 */;
			targetProxy = F0522FA627FCD30C003F0AC2 /* PBXContainerItemProxy */;
		};
		F0522FB127FCD30C003F0AC2 /* PBXTargetDependency */ = {
			isa = PBXTargetDependency;
			target = F0522F9427FCD30B003F0AC2 /* COLOMBO-BSCCOMP-PT-202-0033 */;
			targetProxy = F0522FB027FCD30C003F0AC2 /* PBXContainerItemProxy */;
		};
/* End PBXTargetDependency section */

/* Begin XCBuildConfiguration section */
		F0522FB727FCD30C003F0AC2 /* Debug */ = {
			isa = XCBuildConfiguration;
			buildSettings = {
				ALWAYS_SEARCH_USER_PATHS = NO;
				CLANG_ANALYZER_NONNULL = YES;
				CLANG_ANALYZER_NUMBER_OBJECT_CONVERSION = YES_AGGRESSIVE;
				CLANG_CXX_LANGUAGE_STANDARD = "gnu++17";
				CLANG_CXX_LIBRARY = "libc++";
				CLANG_ENABLE_MODULES = YES;
				CLANG_ENABLE_OBJC_ARC = YES;
				CLANG_ENABLE_OBJC_WEAK = YES;
				CLANG_WARN_BLOCK_CAPTURE_AUTORELEASING = YES;
				CLANG_WARN_BOOL_CONVERSION = YES;
				CLANG_WARN_COMMA = YES;
				CLANG_WARN_CONSTANT_CONVERSION = YES;
				CLANG_WARN_DEPRECATED_OBJC_IMPLEMENTATIONS = YES;
				CLANG_WARN_DIRECT_OBJC_ISA_USAGE = YES_ERROR;
				CLANG_WARN_DOCUMENTATION_COMMENTS = YES;
				CLANG_WARN_EMPTY_BODY = YES;
				CLANG_WARN_ENUM_CONVERSION = YES;
				CLANG_WARN_INFINITE_RECURSION = YES;
				CLANG_WARN_INT_CONVERSION = YES;
				CLANG_WARN_NON_LITERAL_NULL_CONVERSION = YES;
				CLANG_WARN_OBJC_IMPLICIT_RETAIN_SELF = YES;
				CLANG_WARN_OBJC_LITERAL_CONVERSION = YES;
				CLANG_WARN_OBJC_ROOT_CLASS = YES_ERROR;
				CLANG_WARN_QUOTED_INCLUDE_IN_FRAMEWORK_HEADER = YES;
				CLANG_WARN_RANGE_LOOP_ANALYSIS = YES;
				CLANG_WARN_STRICT_PROTOTYPES = YES;
				CLANG_WARN_SUSPICIOUS_MOVE = YES;
				CLANG_WARN_UNGUARDED_AVAILABILITY = YES_AGGRESSIVE;
				CLANG_WARN_UNREACHABLE_CODE = YES;
				CLANG_WARN__DUPLICATE_METHOD_MATCH = YES;
				COPY_PHASE_STRIP = NO;
				DEBUG_INFORMATION_FORMAT = dwarf;
				ENABLE_STRICT_OBJC_MSGSEND = YES;
				ENABLE_TESTABILITY = YES;
				GCC_C_LANGUAGE_STANDARD = gnu11;
				GCC_DYNAMIC_NO_PIC = NO;
				GCC_NO_COMMON_BLOCKS = YES;
				GCC_OPTIMIZATION_LEVEL = 0;
				GCC_PREPROCESSOR_DEFINITIONS = (
					"DEBUG=1",
					"$(inherited)",
				);
				GCC_WARN_64_TO_32_BIT_CONVERSION = YES;
				GCC_WARN_ABOUT_RETURN_TYPE = YES_ERROR;
				GCC_WARN_UNDECLARED_SELECTOR = YES;
				GCC_WARN_UNINITIALIZED_AUTOS = YES_AGGRESSIVE;
				GCC_WARN_UNUSED_FUNCTION = YES;
				GCC_WARN_UNUSED_VARIABLE = YES;
				IPHONEOS_DEPLOYMENT_TARGET = 15.2;
				MTL_ENABLE_DEBUG_INFO = INCLUDE_SOURCE;
				MTL_FAST_MATH = YES;
				ONLY_ACTIVE_ARCH = YES;
				SDKROOT = iphoneos;
				SWIFT_ACTIVE_COMPILATION_CONDITIONS = DEBUG;
				SWIFT_OPTIMIZATION_LEVEL = "-Onone";
			};
			name = Debug;
		};
		F0522FB827FCD30C003F0AC2 /* Release */ = {
			isa = XCBuildConfiguration;
			buildSettings = {
				ALWAYS_SEARCH_USER_PATHS = NO;
				CLANG_ANALYZER_NONNULL = YES;
				CLANG_ANALYZER_NUMBER_OBJECT_CONVERSION = YES_AGGRESSIVE;
				CLANG_CXX_LANGUAGE_STANDARD = "gnu++17";
				CLANG_CXX_LIBRARY = "libc++";
				CLANG_ENABLE_MODULES = YES;
				CLANG_ENABLE_OBJC_ARC = YES;
				CLANG_ENABLE_OBJC_WEAK = YES;
				CLANG_WARN_BLOCK_CAPTURE_AUTORELEASING = YES;
				CLANG_WARN_BOOL_CONVERSION = YES;
				CLANG_WARN_COMMA = YES;
				CLANG_WARN_CONSTANT_CONVERSION = YES;
				CLANG_WARN_DEPRECATED_OBJC_IMPLEMENTATIONS = YES;
				CLANG_WARN_DIRECT_OBJC_ISA_USAGE = YES_ERROR;
				CLANG_WARN_DOCUMENTATION_COMMENTS = YES;
				CLANG_WARN_EMPTY_BODY = YES;
				CLANG_WARN_ENUM_CONVERSION = YES;
				CLANG_WARN_INFINITE_RECURSION = YES;
				CLANG_WARN_INT_CONVERSION = YES;
				CLANG_WARN_NON_LITERAL_NULL_CONVERSION = YES;
				CLANG_WARN_OBJC_IMPLICIT_RETAIN_SELF = YES;
				CLANG_WARN_OBJC_LITERAL_CONVERSION = YES;
				CLANG_WARN_OBJC_ROOT_CLASS = YES_ERROR;
				CLANG_WARN_QUOTED_INCLUDE_IN_FRAMEWORK_HEADER = YES;
				CLANG_WARN_RANGE_LOOP_ANALYSIS = YES;
				CLANG_WARN_STRICT_PROTOTYPES = YES;
				CLANG_WARN_SUSPICIOUS_MOVE = YES;
				CLANG_WARN_UNGUARDED_AVAILABILITY = YES_AGGRESSIVE;
				CLANG_WARN_UNREACHABLE_CODE = YES;
				CLANG_WARN__DUPLICATE_METHOD_MATCH = YES;
				COPY_PHASE_STRIP = NO;
				DEBUG_INFORMATION_FORMAT = "dwarf-with-dsym";
				ENABLE_NS_ASSERTIONS = NO;
				ENABLE_STRICT_OBJC_MSGSEND = YES;
				GCC_C_LANGUAGE_STANDARD = gnu11;
				GCC_NO_COMMON_BLOCKS = YES;
				GCC_WARN_64_TO_32_BIT_CONVERSION = YES;
				GCC_WARN_ABOUT_RETURN_TYPE = YES_ERROR;
				GCC_WARN_UNDECLARED_SELECTOR = YES;
				GCC_WARN_UNINITIALIZED_AUTOS = YES_AGGRESSIVE;
				GCC_WARN_UNUSED_FUNCTION = YES;
				GCC_WARN_UNUSED_VARIABLE = YES;
				IPHONEOS_DEPLOYMENT_TARGET = 15.2;
				MTL_ENABLE_DEBUG_INFO = NO;
				MTL_FAST_MATH = YES;
				SDKROOT = iphoneos;
				SWIFT_COMPILATION_MODE = wholemodule;
				SWIFT_OPTIMIZATION_LEVEL = "-O";
				VALIDATE_PRODUCT = YES;
			};
			name = Release;
		};
		F0522FBA27FCD30C003F0AC2 /* Debug */ = {
			isa = XCBuildConfiguration;
			buildSettings = {
				ASSETCATALOG_COMPILER_APPICON_NAME = AppIcon;
				ASSETCATALOG_COMPILER_GLOBAL_ACCENT_COLOR_NAME = AccentColor;
				CODE_SIGN_STYLE = Automatic;
				CURRENT_PROJECT_VERSION = 1;
				DEVELOPMENT_ASSET_PATHS = "\"COLOMBO-BSCCOMP-PT-202-0033/Preview Content\"";
				DEVELOPMENT_TEAM = 56J8QW2T8Q;
				ENABLE_PREVIEWS = YES;
				GENERATE_INFOPLIST_FILE = YES;
				INFOPLIST_KEY_UIApplicationSceneManifest_Generation = YES;
				INFOPLIST_KEY_UIApplicationSupportsIndirectInputEvents = YES;
				INFOPLIST_KEY_UILaunchScreen_Generation = YES;
				INFOPLIST_KEY_UISupportedInterfaceOrientations_iPad = "UIInterfaceOrientationPortrait UIInterfaceOrientationPortraitUpsideDown UIInterfaceOrientationLandscapeLeft UIInterfaceOrientationLandscapeRight";
				INFOPLIST_KEY_UISupportedInterfaceOrientations_iPhone = "UIInterfaceOrientationPortrait UIInterfaceOrientationLandscapeLeft UIInterfaceOrientationLandscapeRight";
				LD_RUNPATH_SEARCH_PATHS = (
					"$(inherited)",
					"@executable_path/Frameworks",
				);
				MARKETING_VERSION = 1.0;
				PRODUCT_BUNDLE_IDENTIFIER = "NIBM.COLOMBO-BSCCOMP-PT-202-0033";
				PRODUCT_NAME = "$(TARGET_NAME)";
				SWIFT_EMIT_LOC_STRINGS = YES;
				SWIFT_VERSION = 5.0;
				TARGETED_DEVICE_FAMILY = "1,2";
			};
			name = Debug;
		};
		F0522FBB27FCD30C003F0AC2 /* Release */ = {
			isa = XCBuildConfiguration;
			buildSettings = {
				ASSETCATALOG_COMPILER_APPICON_NAME = AppIcon;
				ASSETCATALOG_COMPILER_GLOBAL_ACCENT_COLOR_NAME = AccentColor;
				CODE_SIGN_STYLE = Automatic;
				CURRENT_PROJECT_VERSION = 1;
				DEVELOPMENT_ASSET_PATHS = "\"COLOMBO-BSCCOMP-PT-202-0033/Preview Content\"";
				DEVELOPMENT_TEAM = 56J8QW2T8Q;
				ENABLE_PREVIEWS = YES;
				GENERATE_INFOPLIST_FILE = YES;
				INFOPLIST_KEY_UIApplicationSceneManifest_Generation = YES;
				INFOPLIST_KEY_UIApplicationSupportsIndirectInputEvents = YES;
				INFOPLIST_KEY_UILaunchScreen_Generation = YES;
				INFOPLIST_KEY_UISupportedInterfaceOrientations_iPad = "UIInterfaceOrientationPortrait UIInterfaceOrientationPortraitUpsideDown UIInterfaceOrientationLandscapeLeft UIInterfaceOrientationLandscapeRight";
				INFOPLIST_KEY_UISupportedInterfaceOrientations_iPhone = "UIInterfaceOrientationPortrait UIInterfaceOrientationLandscapeLeft UIInterfaceOrientationLandscapeRight";
				LD_RUNPATH_SEARCH_PATHS = (
					"$(inherited)",
					"@executable_path/Frameworks",
				);
				MARKETING_VERSION = 1.0;
				PRODUCT_BUNDLE_IDENTIFIER = "NIBM.COLOMBO-BSCCOMP-PT-202-0033";
				PRODUCT_NAME = "$(TARGET_NAME)";
				SWIFT_EMIT_LOC_STRINGS = YES;
				SWIFT_VERSION = 5.0;
				TARGETED_DEVICE_FAMILY = "1,2";
			};
			name = Release;
		};
		F0522FBD27FCD30C003F0AC2 /* Debug */ = {
			isa = XCBuildConfiguration;
			buildSettings = {
				ALWAYS_EMBED_SWIFT_STANDARD_LIBRARIES = YES;
				BUNDLE_LOADER = "$(TEST_HOST)";
				CODE_SIGN_STYLE = Automatic;
				CURRENT_PROJECT_VERSION = 1;
				DEVELOPMENT_TEAM = 56J8QW2T8Q;
				GENERATE_INFOPLIST_FILE = YES;
				IPHONEOS_DEPLOYMENT_TARGET = 15.2;
				MARKETING_VERSION = 1.0;
				PRODUCT_BUNDLE_IDENTIFIER = "NIBM.COLOMBO-BSCCOMP-PT-202-0033Tests";
				PRODUCT_NAME = "$(TARGET_NAME)";
				SWIFT_EMIT_LOC_STRINGS = NO;
				SWIFT_VERSION = 5.0;
				TARGETED_DEVICE_FAMILY = "1,2";
				TEST_HOST = "$(BUILT_PRODUCTS_DIR)/COLOMBO-BSCCOMP-PT-202-0033.app/COLOMBO-BSCCOMP-PT-202-0033";
			};
			name = Debug;
		};
		F0522FBE27FCD30C003F0AC2 /* Release */ = {
			isa = XCBuildConfiguration;
			buildSettings = {
				ALWAYS_EMBED_SWIFT_STANDARD_LIBRARIES = YES;
				BUNDLE_LOADER = "$(TEST_HOST)";
				CODE_SIGN_STYLE = Automatic;
				CURRENT_PROJECT_VERSION = 1;
				DEVELOPMENT_TEAM = 56J8QW2T8Q;
				GENERATE_INFOPLIST_FILE = YES;
				IPHONEOS_DEPLOYMENT_TARGET = 15.2;
				MARKETING_VERSION = 1.0;
				PRODUCT_BUNDLE_IDENTIFIER = "NIBM.COLOMBO-BSCCOMP-PT-202-0033Tests";
				PRODUCT_NAME = "$(TARGET_NAME)";
				SWIFT_EMIT_LOC_STRINGS = NO;
				SWIFT_VERSION = 5.0;
				TARGETED_DEVICE_FAMILY = "1,2";
				TEST_HOST = "$(BUILT_PRODUCTS_DIR)/COLOMBO-BSCCOMP-PT-202-0033.app/COLOMBO-BSCCOMP-PT-202-0033";
			};
			name = Release;
		};
		F0522FC027FCD30C003F0AC2 /* Debug */ = {
			isa = XCBuildConfiguration;
			buildSettings = {
				ALWAYS_EMBED_SWIFT_STANDARD_LIBRARIES = YES;
				CODE_SIGN_STYLE = Automatic;
				CURRENT_PROJECT_VERSION = 1;
				DEVELOPMENT_TEAM = 56J8QW2T8Q;
				GENERATE_INFOPLIST_FILE = YES;
				MARKETING_VERSION = 1.0;
				PRODUCT_BUNDLE_IDENTIFIER = "NIBM.COLOMBO-BSCCOMP-PT-202-0033UITests";
				PRODUCT_NAME = "$(TARGET_NAME)";
				SWIFT_EMIT_LOC_STRINGS = NO;
				SWIFT_VERSION = 5.0;
				TARGETED_DEVICE_FAMILY = "1,2";
				TEST_TARGET_NAME = "COLOMBO-BSCCOMP-PT-202-0033";
			};
			name = Debug;
		};
		F0522FC127FCD30C003F0AC2 /* Release */ = {
			isa = XCBuildConfiguration;
			buildSettings = {
				ALWAYS_EMBED_SWIFT_STANDARD_LIBRARIES = YES;
				CODE_SIGN_STYLE = Automatic;
				CURRENT_PROJECT_VERSION = 1;
				DEVELOPMENT_TEAM = 56J8QW2T8Q;
				GENERATE_INFOPLIST_FILE = YES;
				MARKETING_VERSION = 1.0;
				PRODUCT_BUNDLE_IDENTIFIER = "NIBM.COLOMBO-BSCCOMP-PT-202-0033UITests";
				PRODUCT_NAME = "$(TARGET_NAME)";
				SWIFT_EMIT_LOC_STRINGS = NO;
				SWIFT_VERSION = 5.0;
				TARGETED_DEVICE_FAMILY = "1,2";
				TEST_TARGET_NAME = "COLOMBO-BSCCOMP-PT-202-0033";
			};
			name = Release;
		};
/* End XCBuildConfiguration section */

/* Begin XCConfigurationList section */
		F0522F9027FCD30B003F0AC2 /* Build configuration list for PBXProject "COLOMBO-BSCCOMP-PT-202-0033" */ = {
			isa = XCConfigurationList;
			buildConfigurations = (
				F0522FB727FCD30C003F0AC2 /* Debug */,
				F0522FB827FCD30C003F0AC2 /* Release */,
			);
			defaultConfigurationIsVisible = 0;
			defaultConfigurationName = Release;
		};
		F0522FB927FCD30C003F0AC2 /* Build configuration list for PBXNativeTarget "COLOMBO-BSCCOMP-PT-202-0033" */ = {
			isa = XCConfigurationList;
			buildConfigurations = (
				F0522FBA27FCD30C003F0AC2 /* Debug */,
				F0522FBB27FCD30C003F0AC2 /* Release */,
			);
			defaultConfigurationIsVisible = 0;
			defaultConfigurationName = Release;
		};
		F0522FBC27FCD30C003F0AC2 /* Build configuration list for PBXNativeTarget "COLOMBO-BSCCOMP-PT-202-0033Tests" */ = {
			isa = XCConfigurationList;
			buildConfigurations = (
				F0522FBD27FCD30C003F0AC2 /* Debug */,
				F0522FBE27FCD30C003F0AC2 /* Release */,
			);
			defaultConfigurationIsVisible = 0;
			defaultConfigurationName = Release;
		};
		F0522FBF27FCD30C003F0AC2 /* Build configuration list for PBXNativeTarget "COLOMBO-BSCCOMP-PT-202-0033UITests" */ = {
			isa = XCConfigurationList;
			buildConfigurations = (
				F0522FC027FCD30C003F0AC2 /* Debug */,
				F0522FC127FCD30C003F0AC2 /* Release */,
			);
			defaultConfigurationIsVisible = 0;
			defaultConfigurationName = Release;
		};
/* End XCConfigurationList section */
	};
	rootObject = F0522F8D27FCD30B003F0AC2 /* Project object */;
}
